
Microsoft Visual Studio Solution File, Format Version 12.00
# Visual Studio 15
VisualStudioVersion = 15.0.28307.539
MinimumVisualStudioVersion = 10.0.40219.1
Project("{FAE04EC0-301F-11D3-BF4B-00C04F79EFBC}") = "WebApi", "WebApi\WebApi.csproj", "{C37DEBA9-B487-4FCD-BF55-3A5750107417}"
EndProject
Project("{FAE04EC0-301F-11D3-BF4B-00C04F79EFBC}") = "Service", "Service\Service.csproj", "{182B4B35-5D46-4B2F-8A4D-44B0AC590102}"
EndProject
Project("{FAE04EC0-301F-11D3-BF4B-00C04F79EFBC}") = "Data", "Data\Data.csproj", "{981DC930-6B44-41DB-98B3-A4619303E143}"
EndProject
Project("{FAE04EC0-301F-11D3-BF4B-00C04F79EFBC}") = "Core.Common", "Core.Common\Core.Common.csproj", "{24DE70CF-F8E8-461F-AC6B-9FE14D38082F}"
EndProject
Global
	GlobalSection(SolutionConfigurationPlatforms) = preSolution
		Debug|Any CPU = Debug|Any CPU
		Release|Any CPU = Release|Any CPU
	EndGlobalSection
	GlobalSection(ProjectConfigurationPlatforms) = postSolution
		{C37DEBA9-B487-4FCD-BF55-3A5750107417}.Debug|Any CPU.ActiveCfg = Debug|Any CPU
		{C37DEBA9-B487-4FCD-BF55-3A5750107417}.Debug|Any CPU.Build.0 = Debug|Any CPU
		{C37DEBA9-B487-4FCD-BF55-3A5750107417}.Release|Any CPU.ActiveCfg = Release|Any CPU
		{C37DEBA9-B487-4FCD-BF55-3A5750107417}.Release|Any CPU.Build.0 = Release|Any CPU
		{182B4B35-5D46-4B2F-8A4D-44B0AC590102}.Debug|Any CPU.ActiveCfg = Debug|Any CPU
		{182B4B35-5D46-4B2F-8A4D-44B0AC590102}.Debug|Any CPU.Build.0 = Debug|Any CPU
		{182B4B35-5D46-4B2F-8A4D-44B0AC590102}.Release|Any CPU.ActiveCfg = Release|Any CPU
		{182B4B35-5D46-4B2F-8A4D-44B0AC590102}.Release|Any CPU.Build.0 = Release|Any CPU
		{981DC930-6B44-41DB-98B3-A4619303E143}.Debug|Any CPU.ActiveCfg = Debug|Any CPU
		{981DC930-6B44-41DB-98B3-A4619303E143}.Debug|Any CPU.Build.0 = Debug|Any CPU
		{981DC930-6B44-41DB-98B3-A4619303E143}.Release|Any CPU.ActiveCfg = Release|Any CPU
		{981DC930-6B44-41DB-98B3-A4619303E143}.Release|Any CPU.Build.0 = Release|Any CPU
		{24DE70CF-F8E8-461F-AC6B-9FE14D38082F}.Debug|Any CPU.ActiveCfg = Debug|Any CPU
		{24DE70CF-F8E8-461F-AC6B-9FE14D38082F}.Debug|Any CPU.Build.0 = Debug|Any CPU
		{24DE70CF-F8E8-461F-AC6B-9FE14D38082F}.Release|Any CPU.ActiveCfg = Release|Any CPU
		{24DE70CF-F8E8-461F-AC6B-9FE14D38082F}.Release|Any CPU.Build.0 = Release|Any CPU
	EndGlobalSection
	GlobalSection(SolutionProperties) = preSolution
		HideSolutionNode = FALSE
	EndGlobalSection
	GlobalSection(ExtensibilityGlobals) = postSolution
		SolutionGuid = {0EEE9DF1-9A84-4B99-B7D5-F00328BA60F0}
	EndGlobalSection
EndGlobal
